
Microsoft Visual Studio Solution File, Format Version 12.00
# Visual Studio Version 16
VisualStudioVersion = 16.0.30717.126
MinimumVisualStudioVersion = 10.0.40219.1
Project("{FAE04EC0-301F-11D3-BF4B-00C04F79EFBC}") = "WagnerCable", "WagnerCable\WagnerCable.csproj", "{51049449-360C-4082-BDDF-1644DCFF9117}"
EndProject
Global
	GlobalSection(SolutionConfigurationPlatforms) = preSolution
		Debug|Any CPU = Debug|Any CPU
		Release|Any CPU = Release|Any CPU
	EndGlobalSection
	GlobalSection(ProjectConfigurationPlatforms) = postSolution
		{51049449-360C-4082-BDDF-1644DCFF9117}.Debug|Any CPU.ActiveCfg = Debug|Any CPU
		{51049449-360C-4082-BDDF-1644DCFF9117}.Debug|Any CPU.Build.0 = Debug|Any CPU
		{51049449-360C-4082-BDDF-1644DCFF9117}.Release|Any CPU.ActiveCfg = Release|Any CPU
		{51049449-360C-4082-BDDF-1644DCFF9117}.Release|Any CPU.Build.0 = Release|Any CPU
	EndGlobalSection
	GlobalSection(SolutionProperties) = preSolution
		HideSolutionNode = FALSE
	EndGlobalSection
	GlobalSection(ExtensibilityGlobals) = postSolution
		SolutionGuid = {8EA97024-3C3F-4934-A9F3-2F6CCE178003}
	EndGlobalSection
EndGlobal
